
Microsoft Visual Studio Solution File, Format Version 12.00
# Visual Studio Version 16
VisualStudioVersion = 16.0.33927.289
MinimumVisualStudioVersion = 10.0.40219.1
Project("{FAE04EC0-301F-11D3-BF4B-00C04F79EFBC}") = "Painter", "Painter\Painter.csproj", "{5DE146DB-F00C-4AE6-B310-6D1EB090AB04}"
EndProject
Global
	GlobalSection(SolutionConfigurationPlatforms) = preSolution
		Debug|Any CPU = Debug|Any CPU
		Release|Any CPU = Release|Any CPU
	EndGlobalSection
	GlobalSection(ProjectConfigurationPlatforms) = postSolution
		{5DE146DB-F00C-4AE6-B310-6D1EB090AB04}.Debug|Any CPU.ActiveCfg = Debug|Any CPU
		{5DE146DB-F00C-4AE6-B310-6D1EB090AB04}.Debug|Any CPU.Build.0 = Debug|Any CPU
		{5DE146DB-F00C-4AE6-B310-6D1EB090AB04}.Release|Any CPU.ActiveCfg = Release|Any CPU
		{5DE146DB-F00C-4AE6-B310-6D1EB090AB04}.Release|Any CPU.Build.0 = Release|Any CPU
	EndGlobalSection
	GlobalSection(SolutionProperties) = preSolution
		HideSolutionNode = FALSE
	EndGlobalSection
	GlobalSection(ExtensibilityGlobals) = postSolution
		SolutionGuid = {8C8C57F7-671D-44DA-A2D7-6FA7DEA86D06}
	EndGlobalSection
EndGlobal
